
Microsoft Visual Studio Solution File, Format Version 12.00
# Visual Studio 15
VisualStudioVersion = 15.0.26124.0
MinimumVisualStudioVersion = 15.0.26124.0
Project("{FAE04EC0-301F-11D3-BF4B-00C04F79EFBC}") = "Domain", "Domain\Domain.csproj", "{374CFA12-8F73-44BB-A049-D05A3C1035AD}"
EndProject
Project("{FAE04EC0-301F-11D3-BF4B-00C04F79EFBC}") = "Application", "Application\Application.csproj", "{536EEFC3-30C3-49AC-9C6D-F975F184EBA4}"
EndProject
Project("{FAE04EC0-301F-11D3-BF4B-00C04F79EFBC}") = "Persistence", "Persistence\Persistence.csproj", "{A78991DF-8C9E-4A4D-AF2E-76DED5490409}"
EndProject
Project("{FAE04EC0-301F-11D3-BF4B-00C04F79EFBC}") = "API", "API\API.csproj", "{9CCDF249-9140-41B0-B2E2-A8F064843E26}"
EndProject
Project("{FAE04EC0-301F-11D3-BF4B-00C04F79EFBC}") = "Infrastructure", "Infrastructure\Infrastructure.csproj", "{67048AC1-4639-4CFC-AD30-85133912A6DA}"
EndProject
Global
	GlobalSection(SolutionConfigurationPlatforms) = preSolution
		Debug|Any CPU = Debug|Any CPU
		Debug|x64 = Debug|x64
		Debug|x86 = Debug|x86
		Release|Any CPU = Release|Any CPU
		Release|x64 = Release|x64
		Release|x86 = Release|x86
	EndGlobalSection
	GlobalSection(SolutionProperties) = preSolution
		HideSolutionNode = FALSE
	EndGlobalSection
	GlobalSection(ProjectConfigurationPlatforms) = postSolution
		{374CFA12-8F73-44BB-A049-D05A3C1035AD}.Debug|Any CPU.ActiveCfg = Debug|Any CPU
		{374CFA12-8F73-44BB-A049-D05A3C1035AD}.Debug|Any CPU.Build.0 = Debug|Any CPU
		{374CFA12-8F73-44BB-A049-D05A3C1035AD}.Debug|x64.ActiveCfg = Debug|Any CPU
		{374CFA12-8F73-44BB-A049-D05A3C1035AD}.Debug|x64.Build.0 = Debug|Any CPU
		{374CFA12-8F73-44BB-A049-D05A3C1035AD}.Debug|x86.ActiveCfg = Debug|Any CPU
		{374CFA12-8F73-44BB-A049-D05A3C1035AD}.Debug|x86.Build.0 = Debug|Any CPU
		{374CFA12-8F73-44BB-A049-D05A3C1035AD}.Release|Any CPU.ActiveCfg = Release|Any CPU
		{374CFA12-8F73-44BB-A049-D05A3C1035AD}.Release|Any CPU.Build.0 = Release|Any CPU
		{374CFA12-8F73-44BB-A049-D05A3C1035AD}.Release|x64.ActiveCfg = Release|Any CPU
		{374CFA12-8F73-44BB-A049-D05A3C1035AD}.Release|x64.Build.0 = Release|Any CPU
		{374CFA12-8F73-44BB-A049-D05A3C1035AD}.Release|x86.ActiveCfg = Release|Any CPU
		{374CFA12-8F73-44BB-A049-D05A3C1035AD}.Release|x86.Build.0 = Release|Any CPU
		{536EEFC3-30C3-49AC-9C6D-F975F184EBA4}.Debug|Any CPU.ActiveCfg = Debug|Any CPU
		{536EEFC3-30C3-49AC-9C6D-F975F184EBA4}.Debug|Any CPU.Build.0 = Debug|Any CPU
		{536EEFC3-30C3-49AC-9C6D-F975F184EBA4}.Debug|x64.ActiveCfg = Debug|Any CPU
		{536EEFC3-30C3-49AC-9C6D-F975F184EBA4}.Debug|x64.Build.0 = Debug|Any CPU
		{536EEFC3-30C3-49AC-9C6D-F975F184EBA4}.Debug|x86.ActiveCfg = Debug|Any CPU
		{536EEFC3-30C3-49AC-9C6D-F975F184EBA4}.Debug|x86.Build.0 = Debug|Any CPU
		{536EEFC3-30C3-49AC-9C6D-F975F184EBA4}.Release|Any CPU.ActiveCfg = Release|Any CPU
		{536EEFC3-30C3-49AC-9C6D-F975F184EBA4}.Release|Any CPU.Build.0 = Release|Any CPU
		{536EEFC3-30C3-49AC-9C6D-F975F184EBA4}.Release|x64.ActiveCfg = Release|Any CPU
		{536EEFC3-30C3-49AC-9C6D-F975F184EBA4}.Release|x64.Build.0 = Release|Any CPU
		{536EEFC3-30C3-49AC-9C6D-F975F184EBA4}.Release|x86.ActiveCfg = Release|Any CPU
		{536EEFC3-30C3-49AC-9C6D-F975F184EBA4}.Release|x86.Build.0 = Release|Any CPU
		{A78991DF-8C9E-4A4D-AF2E-76DED5490409}.Debug|Any CPU.ActiveCfg = Debug|Any CPU
		{A78991DF-8C9E-4A4D-AF2E-76DED5490409}.Debug|Any CPU.Build.0 = Debug|Any CPU
		{A78991DF-8C9E-4A4D-AF2E-76DED5490409}.Debug|x64.ActiveCfg = Debug|Any CPU
		{A78991DF-8C9E-4A4D-AF2E-76DED5490409}.Debug|x64.Build.0 = Debug|Any CPU
		{A78991DF-8C9E-4A4D-AF2E-76DED5490409}.Debug|x86.ActiveCfg = Debug|Any CPU
		{A78991DF-8C9E-4A4D-AF2E-76DED5490409}.Debug|x86.Build.0 = Debug|Any CPU
		{A78991DF-8C9E-4A4D-AF2E-76DED5490409}.Release|Any CPU.ActiveCfg = Release|Any CPU
		{A78991DF-8C9E-4A4D-AF2E-76DED5490409}.Release|Any CPU.Build.0 = Release|Any CPU
		{A78991DF-8C9E-4A4D-AF2E-76DED5490409}.Release|x64.ActiveCfg = Release|Any CPU
		{A78991DF-8C9E-4A4D-AF2E-76DED5490409}.Release|x64.Build.0 = Release|Any CPU
		{A78991DF-8C9E-4A4D-AF2E-76DED5490409}.Release|x86.ActiveCfg = Release|Any CPU
		{A78991DF-8C9E-4A4D-AF2E-76DED5490409}.Release|x86.Build.0 = Release|Any CPU
		{9CCDF249-9140-41B0-B2E2-A8F064843E26}.Debug|Any CPU.ActiveCfg = Debug|Any CPU
		{9CCDF249-9140-41B0-B2E2-A8F064843E26}.Debug|Any CPU.Build.0 = Debug|Any CPU
		{9CCDF249-9140-41B0-B2E2-A8F064843E26}.Debug|x64.ActiveCfg = Debug|Any CPU
		{9CCDF249-9140-41B0-B2E2-A8F064843E26}.Debug|x64.Build.0 = Debug|Any CPU
		{9CCDF249-9140-41B0-B2E2-A8F064843E26}.Debug|x86.ActiveCfg = Debug|Any CPU
		{9CCDF249-9140-41B0-B2E2-A8F064843E26}.Debug|x86.Build.0 = Debug|Any CPU
		{9CCDF249-9140-41B0-B2E2-A8F064843E26}.Release|Any CPU.ActiveCfg = Release|Any CPU
		{9CCDF249-9140-41B0-B2E2-A8F064843E26}.Release|Any CPU.Build.0 = Release|Any CPU
		{9CCDF249-9140-41B0-B2E2-A8F064843E26}.Release|x64.ActiveCfg = Release|Any CPU
		{9CCDF249-9140-41B0-B2E2-A8F064843E26}.Release|x64.Build.0 = Release|Any CPU
		{9CCDF249-9140-41B0-B2E2-A8F064843E26}.Release|x86.ActiveCfg = Release|Any CPU
		{9CCDF249-9140-41B0-B2E2-A8F064843E26}.Release|x86.Build.0 = Release|Any CPU
		{67048AC1-4639-4CFC-AD30-85133912A6DA}.Debug|Any CPU.ActiveCfg = Debug|Any CPU
		{67048AC1-4639-4CFC-AD30-85133912A6DA}.Debug|Any CPU.Build.0 = Debug|Any CPU
		{67048AC1-4639-4CFC-AD30-85133912A6DA}.Debug|x64.ActiveCfg = Debug|Any CPU
		{67048AC1-4639-4CFC-AD30-85133912A6DA}.Debug|x64.Build.0 = Debug|Any CPU
		{67048AC1-4639-4CFC-AD30-85133912A6DA}.Debug|x86.ActiveCfg = Debug|Any CPU
		{67048AC1-4639-4CFC-AD30-85133912A6DA}.Debug|x86.Build.0 = Debug|Any CPU
		{67048AC1-4639-4CFC-AD30-85133912A6DA}.Release|Any CPU.ActiveCfg = Release|Any CPU
		{67048AC1-4639-4CFC-AD30-85133912A6DA}.Release|Any CPU.Build.0 = Release|Any CPU
		{67048AC1-4639-4CFC-AD30-85133912A6DA}.Release|x64.ActiveCfg = Release|Any CPU
		{67048AC1-4639-4CFC-AD30-85133912A6DA}.Release|x64.Build.0 = Release|Any CPU
		{67048AC1-4639-4CFC-AD30-85133912A6DA}.Release|x86.ActiveCfg = Release|Any CPU
		{67048AC1-4639-4CFC-AD30-85133912A6DA}.Release|x86.Build.0 = Release|Any CPU
	EndGlobalSection
EndGlobal
